
Microsoft Visual Studio Solution File, Format Version 12.00
# Visual Studio Version 17
VisualStudioVersion = 17.14.36811.4 d17.14
MinimumVisualStudioVersion = 10.0.40219.1
Project("{FAE04EC0-301F-11D3-BF4B-00C04F79EFBC}") = "10-Flat-UI", "10-Flat-UI\10-Flat-UI.csproj", "{69CF97B8-7842-47AC-B44A-50B64ABBC29E}"
EndProject
Global
	GlobalSection(SolutionConfigurationPlatforms) = preSolution
		Debug|Any CPU = Debug|Any CPU
		Release|Any CPU = Release|Any CPU
	EndGlobalSection
	GlobalSection(ProjectConfigurationPlatforms) = postSolution
		{69CF97B8-7842-47AC-B44A-50B64ABBC29E}.Debug|Any CPU.ActiveCfg = Debug|Any CPU
		{69CF97B8-7842-47AC-B44A-50B64ABBC29E}.Debug|Any CPU.Build.0 = Debug|Any CPU
		{69CF97B8-7842-47AC-B44A-50B64ABBC29E}.Release|Any CPU.ActiveCfg = Release|Any CPU
		{69CF97B8-7842-47AC-B44A-50B64ABBC29E}.Release|Any CPU.Build.0 = Release|Any CPU
	EndGlobalSection
	GlobalSection(SolutionProperties) = preSolution
		HideSolutionNode = FALSE
	EndGlobalSection
	GlobalSection(ExtensibilityGlobals) = postSolution
		SolutionGuid = {B1CBA723-7912-4FBD-BBB4-760F4D3C5475}
	EndGlobalSection
EndGlobal
